
Microsoft Visual Studio Solution File, Format Version 12.00
# Visual Studio Version 16
VisualStudioVersion = 16.0.29209.152
MinimumVisualStudioVersion = 10.0.40219.1
Project("{8BC9CEB8-8B4A-11D0-8D11-00A0C91BC942}") = "imgui_impl_dxlib_example", "imgui_impl_dxlib_example.vcxproj", "{7F49D0A8-5ECD-4180-8804-9CC9B2740F7A}"
EndProject
Global
	GlobalSection(SolutionConfigurationPlatforms) = preSolution
		Debug|x64 = Debug|x64
		Debug|x86 = Debug|x86
		Release|x64 = Release|x64
		Release|x86 = Release|x86
	EndGlobalSection
	GlobalSection(ProjectConfigurationPlatforms) = postSolution
		{7F49D0A8-5ECD-4180-8804-9CC9B2740F7A}.Debug|x64.ActiveCfg = Debug|x64
		{7F49D0A8-5ECD-4180-8804-9CC9B2740F7A}.Debug|x64.Build.0 = Debug|x64
		{7F49D0A8-5ECD-4180-8804-9CC9B2740F7A}.Debug|x86.ActiveCfg = Debug|Win32
		{7F49D0A8-5ECD-4180-8804-9CC9B2740F7A}.Debug|x86.Build.0 = Debug|Win32
		{7F49D0A8-5ECD-4180-8804-9CC9B2740F7A}.Release|x64.ActiveCfg = Release|x64
		{7F49D0A8-5ECD-4180-8804-9CC9B2740F7A}.Release|x64.Build.0 = Release|x64
		{7F49D0A8-5ECD-4180-8804-9CC9B2740F7A}.Release|x86.ActiveCfg = Release|Win32
		{7F49D0A8-5ECD-4180-8804-9CC9B2740F7A}.Release|x86.Build.0 = Release|Win32
	EndGlobalSection
	GlobalSection(SolutionProperties) = preSolution
		HideSolutionNode = FALSE
	EndGlobalSection
	GlobalSection(ExtensibilityGlobals) = postSolution
		SolutionGuid = {A8DCB786-56D3-4736-B8F2-0D73BC8B3DD4}
	EndGlobalSection
EndGlobal
